// !$*UTF8*$!
{
	archiveVersion = 1;
	classes = {
	};
	objectVersion = 77;
	objects = {

/* Begin PBXBuildFile section */
		B98741B02E97AC6200B1ABF6 /* ContentView.swift in Sources */ = {isa = PBXBuildFile; fileRef = B98741AD2E97AC6200B1ABF6 /* ContentView.swift */; };
		B98741B12E97AC6200B1ABF6 /* DesignSystem_SwiftUIApp.swift in Sources */ = {isa = PBXBuildFile; fileRef = B98741AE2E97AC6200B1ABF6 /* DesignSystem_SwiftUIApp.swift */; };
		B98741B22E97AC6200B1ABF6 /* Preview Assets.xcassets in Resources */ = {isa = PBXBuildFile; fileRef = B98741AA2E97AC6200B1ABF6 /* Preview Assets.xcassets */; };
		B98741B32E97AC6200B1ABF6 /* Assets.xcassets in Resources */ = {isa = PBXBuildFile; fileRef = B98741AC2E97AC6200B1ABF6 /* Assets.xcassets */; };
		B98741B62E97AC6700B1ABF6 /* DesignSystem_SwiftUITests.swift in Sources */ = {isa = PBXBuildFile; fileRef = B98741B42E97AC6700B1ABF6 /* DesignSystem_SwiftUITests.swift */; };
		B98741BA2E97AC6F00B1ABF6 /* DesignSystem_SwiftUIUITests.swift in Sources */ = {isa = PBXBuildFile; fileRef = B98741B72E97AC6F00B1ABF6 /* DesignSystem_SwiftUIUITests.swift */; };
		B98741BB2E97AC6F00B1ABF6 /* DesignSystem_SwiftUIUITestsLaunchTests.swift in Sources */ = {isa = PBXBuildFile; fileRef = B98741B82E97AC6F00B1ABF6 /* DesignSystem_SwiftUIUITestsLaunchTests.swift */; };
		B98741BD2E97AFE100B1ABF6 /* Lecture0.swift in Sources */ = {isa = PBXBuildFile; fileRef = B98741BC2E97AFE100B1ABF6 /* Lecture0.swift */; };
		B98741BF2E97CCBA00B1ABF6 /* Lecture1-Text.swift in Sources */ = {isa = PBXBuildFile; fileRef = B98741BE2E97CCBA00B1ABF6 /* Lecture1-Text.swift */; };
		B98741C12E97D2EA00B1ABF6 /* Lecture2-Chip.swift in Sources */ = {isa = PBXBuildFile; fileRef = B98741C02E97D2EA00B1ABF6 /* Lecture2-Chip.swift */; };
		B98741C32E9AA10D00B1ABF6 /* MyColor.swift in Sources */ = {isa = PBXBuildFile; fileRef = B98741C22E9AA10D00B1ABF6 /* MyColor.swift */; };
		B98741C72E9AA66C00B1ABF6 /* Lecture3-Divider.swift in Sources */ = {isa = PBXBuildFile; fileRef = B98741C62E9AA66C00B1ABF6 /* Lecture3-Divider.swift */; };
		B98741C92E9AADA900B1ABF6 /* Lecture4-ProgressBar.swift in Sources */ = {isa = PBXBuildFile; fileRef = B98741C82E9AADA900B1ABF6 /* Lecture4-ProgressBar.swift */; };
		B98741CB2E9D44DB00B1ABF6 /* Lecture5-Button.swift in Sources */ = {isa = PBXBuildFile; fileRef = B98741CA2E9D44DB00B1ABF6 /* Lecture5-Button.swift */; };
		B98741CD2E9E8FE700B1ABF6 /* Lecture6-TextEditor.swift in Sources */ = {isa = PBXBuildFile; fileRef = B98741CC2E9E8FE700B1ABF6 /* Lecture6-TextEditor.swift */; };
		B98741CF2E9E976000B1ABF6 /* Lecture7-Stepper&Toggle.swift in Sources */ = {isa = PBXBuildFile; fileRef = B98741CE2E9E976000B1ABF6 /* Lecture7-Stepper&Toggle.swift */; };
		B98741D12E9FEF6E00B1ABF6 /* Lecture8-DropDownSelector.swift in Sources */ = {isa = PBXBuildFile; fileRef = B98741D02E9FEF6E00B1ABF6 /* Lecture8-DropDownSelector.swift */; };
/* End PBXBuildFile section */

/* Begin PBXContainerItemProxy section */
		B987418E2E97AC5800B1ABF6 /* PBXContainerItemProxy */ = {
			isa = PBXContainerItemProxy;
			containerPortal = B98741752E97AC5700B1ABF6 /* Project object */;
			proxyType = 1;
			remoteGlobalIDString = B987417C2E97AC5700B1ABF6;
			remoteInfo = DesignSystem_SwiftUI;
		};
		B98741982E97AC5800B1ABF6 /* PBXContainerItemProxy */ = {
			isa = PBXContainerItemProxy;
			containerPortal = B98741752E97AC5700B1ABF6 /* Project object */;
			proxyType = 1;
			remoteGlobalIDString = B987417C2E97AC5700B1ABF6;
			remoteInfo = DesignSystem_SwiftUI;
		};
/* End PBXContainerItemProxy section */

/* Begin PBXFileReference section */
		B987417D2E97AC5700B1ABF6 /* DesignSystem_SwiftUI.app */ = {isa = PBXFileReference; explicitFileType = wrapper.application; includeInIndex = 0; path = DesignSystem_SwiftUI.app; sourceTree = BUILT_PRODUCTS_DIR; };
		B987418D2E97AC5800B1ABF6 /* DesignSystem_SwiftUITests.xctest */ = {isa = PBXFileReference; explicitFileType = wrapper.cfbundle; includeInIndex = 0; path = DesignSystem_SwiftUITests.xctest; sourceTree = BUILT_PRODUCTS_DIR; };
		B98741972E97AC5800B1ABF6 /* DesignSystem_SwiftUIUITests.xctest */ = {isa = PBXFileReference; explicitFileType = wrapper.cfbundle; includeInIndex = 0; path = DesignSystem_SwiftUIUITests.xctest; sourceTree = BUILT_PRODUCTS_DIR; };
		B98741AA2E97AC6200B1ABF6 /* Preview Assets.xcassets */ = {isa = PBXFileReference; lastKnownFileType = folder.assetcatalog; path = "Preview Assets.xcassets"; sourceTree = "<group>"; };
		B98741AC2E97AC6200B1ABF6 /* Assets.xcassets */ = {isa = PBXFileReference; lastKnownFileType = folder.assetcatalog; path = Assets.xcassets; sourceTree = "<group>"; };
		B98741AD2E97AC6200B1ABF6 /* ContentView.swift */ = {isa = PBXFileReference; lastKnownFileType = sourcecode.swift; path = ContentView.swift; sourceTree = "<group>"; };
		B98741AE2E97AC6200B1ABF6 /* DesignSystem_SwiftUIApp.swift */ = {isa = PBXFileReference; lastKnownFileType = sourcecode.swift; path = DesignSystem_SwiftUIApp.swift; sourceTree = "<group>"; };
		B98741B42E97AC6700B1ABF6 /* DesignSystem_SwiftUITests.swift */ = {isa = PBXFileReference; lastKnownFileType = sourcecode.swift; path = DesignSystem_SwiftUITests.swift; sourceTree = "<group>"; };
		B98741B72E97AC6F00B1ABF6 /* DesignSystem_SwiftUIUITests.swift */ = {isa = PBXFileReference; lastKnownFileType = sourcecode.swift; path = DesignSystem_SwiftUIUITests.swift; sourceTree = "<group>"; };
		B98741B82E97AC6F00B1ABF6 /* DesignSystem_SwiftUIUITestsLaunchTests.swift */ = {isa = PBXFileReference; lastKnownFileType = sourcecode.swift; path = DesignSystem_SwiftUIUITestsLaunchTests.swift; sourceTree = "<group>"; };
		B98741BC2E97AFE100B1ABF6 /* Lecture0.swift */ = {isa = PBXFileReference; lastKnownFileType = sourcecode.swift; path = Lecture0.swift; sourceTree = "<group>"; };
		B98741BE2E97CCBA00B1ABF6 /* Lecture1-Text.swift */ = {isa = PBXFileReference; lastKnownFileType = sourcecode.swift; path = "Lecture1-Text.swift"; sourceTree = "<group>"; };
		B98741C02E97D2EA00B1ABF6 /* Lecture2-Chip.swift */ = {isa = PBXFileReference; lastKnownFileType = sourcecode.swift; path = "Lecture2-Chip.swift"; sourceTree = "<group>"; };
		B98741C22E9AA10D00B1ABF6 /* MyColor.swift */ = {isa = PBXFileReference; lastKnownFileType = sourcecode.swift; path = MyColor.swift; sourceTree = "<group>"; };
		B98741C62E9AA66C00B1ABF6 /* Lecture3-Divider.swift */ = {isa = PBXFileReference; lastKnownFileType = sourcecode.swift; path = "Lecture3-Divider.swift"; sourceTree = "<group>"; };
		B98741C82E9AADA900B1ABF6 /* Lecture4-ProgressBar.swift */ = {isa = PBXFileReference; lastKnownFileType = sourcecode.swift; path = "Lecture4-ProgressBar.swift"; sourceTree = "<group>"; };
		B98741CA2E9D44DB00B1ABF6 /* Lecture5-Button.swift */ = {isa = PBXFileReference; lastKnownFileType = sourcecode.swift; path = "Lecture5-Button.swift"; sourceTree = "<group>"; };
		B98741CC2E9E8FE700B1ABF6 /* Lecture6-TextEditor.swift */ = {isa = PBXFileReference; lastKnownFileType = sourcecode.swift; path = "Lecture6-TextEditor.swift"; sourceTree = "<group>"; };
		B98741CE2E9E976000B1ABF6 /* Lecture7-Stepper&Toggle.swift */ = {isa = PBXFileReference; lastKnownFileType = sourcecode.swift; path = "Lecture7-Stepper&Toggle.swift"; sourceTree = "<group>"; };
		B98741D02E9FEF6E00B1ABF6 /* Lecture8-DropDownSelector.swift */ = {isa = PBXFileReference; lastKnownFileType = sourcecode.swift; path = "Lecture8-DropDownSelector.swift"; sourceTree = "<group>"; };
/* End PBXFileReference section */

/* Begin PBXFrameworksBuildPhase section */
		B987417A2E97AC5700B1ABF6 /* Frameworks */ = {
			isa = PBXFrameworksBuildPhase;
			buildActionMask = 2147483647;
			files = (
			);
			runOnlyForDeploymentPostprocessing = 0;
		};
		B987418A2E97AC5800B1ABF6 /* Frameworks */ = {
			isa = PBXFrameworksBuildPhase;
			buildActionMask = 2147483647;
			files = (
			);
			runOnlyForDeploymentPostprocessing = 0;
		};
		B98741942E97AC5800B1ABF6 /* Frameworks */ = {
			isa = PBXFrameworksBuildPhase;
			buildActionMask = 2147483647;
			files = (
			);
			runOnlyForDeploymentPostprocessing = 0;
		};
/* End PBXFrameworksBuildPhase section */

/* Begin PBXGroup section */
		B98741742E97AC5700B1ABF6 = {
			isa = PBXGroup;
			children = (
				B98741AF2E97AC6200B1ABF6 /* DesignSystem_SwiftUI */,
				B98741B52E97AC6700B1ABF6 /* DesignSystem_SwiftUITests */,
				B98741B92E97AC6F00B1ABF6 /* DesignSystem_SwiftUIUITests */,
				B987417E2E97AC5700B1ABF6 /* Products */,
			);
			sourceTree = "<group>";
		};
		B987417E2E97AC5700B1ABF6 /* Products */ = {
			isa = PBXGroup;
			children = (
				B987417D2E97AC5700B1ABF6 /* DesignSystem_SwiftUI.app */,
				B987418D2E97AC5800B1ABF6 /* DesignSystem_SwiftUITests.xctest */,
				B98741972E97AC5800B1ABF6 /* DesignSystem_SwiftUIUITests.xctest */,
			);
			name = Products;
			sourceTree = "<group>";
		};
		B98741AB2E97AC6200B1ABF6 /* Preview Content */ = {
			isa = PBXGroup;
			children = (
				B98741AA2E97AC6200B1ABF6 /* Preview Assets.xcassets */,
			);
			path = "Preview Content";
			sourceTree = "<group>";
		};
		B98741AF2E97AC6200B1ABF6 /* DesignSystem_SwiftUI */ = {
			isa = PBXGroup;
			children = (
				B98741AE2E97AC6200B1ABF6 /* DesignSystem_SwiftUIApp.swift */,
				B98741AD2E97AC6200B1ABF6 /* ContentView.swift */,
				B98741BC2E97AFE100B1ABF6 /* Lecture0.swift */,
				B98741BE2E97CCBA00B1ABF6 /* Lecture1-Text.swift */,
				B98741C02E97D2EA00B1ABF6 /* Lecture2-Chip.swift */,
				B98741C62E9AA66C00B1ABF6 /* Lecture3-Divider.swift */,
				B98741C82E9AADA900B1ABF6 /* Lecture4-ProgressBar.swift */,
				B98741CA2E9D44DB00B1ABF6 /* Lecture5-Button.swift */,
				B98741CC2E9E8FE700B1ABF6 /* Lecture6-TextEditor.swift */,
				B98741CE2E9E976000B1ABF6 /* Lecture7-Stepper&Toggle.swift */,
				B98741D02E9FEF6E00B1ABF6 /* Lecture8-DropDownSelector.swift */,
				B98741C22E9AA10D00B1ABF6 /* MyColor.swift */,
				B98741AB2E97AC6200B1ABF6 /* Preview Content */,
				B98741AC2E97AC6200B1ABF6 /* Assets.xcassets */,
			);
			path = DesignSystem_SwiftUI;
			sourceTree = "<group>";
		};
		B98741B52E97AC6700B1ABF6 /* DesignSystem_SwiftUITests */ = {
			isa = PBXGroup;
			children = (
				B98741B42E97AC6700B1ABF6 /* DesignSystem_SwiftUITests.swift */,
			);
			path = DesignSystem_SwiftUITests;
			sourceTree = "<group>";
		};
		B98741B92E97AC6F00B1ABF6 /* DesignSystem_SwiftUIUITests */ = {
			isa = PBXGroup;
			children = (
				B98741B72E97AC6F00B1ABF6 /* DesignSystem_SwiftUIUITests.swift */,
				B98741B82E97AC6F00B1ABF6 /* DesignSystem_SwiftUIUITestsLaunchTests.swift */,
			);
			path = DesignSystem_SwiftUIUITests;
			sourceTree = "<group>";
		};
/* End PBXGroup section */

/* Begin PBXNativeTarget section */
		B987417C2E97AC5700B1ABF6 /* DesignSystem_SwiftUI */ = {
			isa = PBXNativeTarget;
			buildConfigurationList = B98741A12E97AC5800B1ABF6 /* Build configuration list for PBXNativeTarget "DesignSystem_SwiftUI" */;
			buildPhases = (
				B98741792E97AC5700B1ABF6 /* Sources */,
				B987417A2E97AC5700B1ABF6 /* Frameworks */,
				B987417B2E97AC5700B1ABF6 /* Resources */,
			);
			buildRules = (
			);
			dependencies = (
			);
			name = DesignSystem_SwiftUI;
			packageProductDependencies = (
			);
			productName = DesignSystem_SwiftUI;
			productReference = B987417D2E97AC5700B1ABF6 /* DesignSystem_SwiftUI.app */;
			productType = "com.apple.product-type.application";
		};
		B987418C2E97AC5800B1ABF6 /* DesignSystem_SwiftUITests */ = {
			isa = PBXNativeTarget;
			buildConfigurationList = B98741A42E97AC5800B1ABF6 /* Build configuration list for PBXNativeTarget "DesignSystem_SwiftUITests" */;
			buildPhases = (
				B98741892E97AC5800B1ABF6 /* Sources */,
				B987418A2E97AC5800B1ABF6 /* Frameworks */,
				B987418B2E97AC5800B1ABF6 /* Resources */,
			);
			buildRules = (
			);
			dependencies = (
				B987418F2E97AC5800B1ABF6 /* PBXTargetDependency */,
			);
			name = DesignSystem_SwiftUITests;
			packageProductDependencies = (
			);
			productName = DesignSystem_SwiftUITests;
			productReference = B987418D2E97AC5800B1ABF6 /* DesignSystem_SwiftUITests.xctest */;
			productType = "com.apple.product-type.bundle.unit-test";
		};
		B98741962E97AC5800B1ABF6 /* DesignSystem_SwiftUIUITests */ = {
			isa = PBXNativeTarget;
			buildConfigurationList = B98741A72E97AC5800B1ABF6 /* Build configuration list for PBXNativeTarget "DesignSystem_SwiftUIUITests" */;
			buildPhases = (
				B98741932E97AC5800B1ABF6 /* Sources */,
				B98741942E97AC5800B1ABF6 /* Frameworks */,
				B98741952E97AC5800B1ABF6 /* Resources */,
			);
			buildRules = (
			);
			dependencies = (
				B98741992E97AC5800B1ABF6 /* PBXTargetDependency */,
			);
			name = DesignSystem_SwiftUIUITests;
			packageProductDependencies = (
			);
			productName = DesignSystem_SwiftUIUITests;
			productReference = B98741972E97AC5800B1ABF6 /* DesignSystem_SwiftUIUITests.xctest */;
			productType = "com.apple.product-type.bundle.ui-testing";
		};
/* End PBXNativeTarget section */

/* Begin PBXProject section */
		B98741752E97AC5700B1ABF6 /* Project object */ = {
			isa = PBXProject;
			attributes = {
				BuildIndependentTargetsInParallel = 1;
				LastSwiftUpdateCheck = 1620;
				LastUpgradeCheck = 1620;
				TargetAttributes = {
					B987417C2E97AC5700B1ABF6 = {
						CreatedOnToolsVersion = 16.2;
					};
					B987418C2E97AC5800B1ABF6 = {
						CreatedOnToolsVersion = 16.2;
						TestTargetID = B987417C2E97AC5700B1ABF6;
					};
					B98741962E97AC5800B1ABF6 = {
						CreatedOnToolsVersion = 16.2;
						TestTargetID = B987417C2E97AC5700B1ABF6;
					};
				};
			};
			buildConfigurationList = B98741782E97AC5700B1ABF6 /* Build configuration list for PBXProject "DesignSystem_SwiftUI" */;
			developmentRegion = en;
			hasScannedForEncodings = 0;
			knownRegions = (
				en,
				Base,
			);
			mainGroup = B98741742E97AC5700B1ABF6;
			minimizedProjectReferenceProxies = 1;
			preferredProjectObjectVersion = 77;
			productRefGroup = B987417E2E97AC5700B1ABF6 /* Products */;
			projectDirPath = "";
			projectRoot = "";
			targets = (
				B987417C2E97AC5700B1ABF6 /* DesignSystem_SwiftUI */,
				B987418C2E97AC5800B1ABF6 /* DesignSystem_SwiftUITests */,
				B98741962E97AC5800B1ABF6 /* DesignSystem_SwiftUIUITests */,
			);
		};
/* End PBXProject section */

/* Begin PBXResourcesBuildPhase section */
		B987417B2E97AC5700B1ABF6 /* Resources */ = {
			isa = PBXResourcesBuildPhase;
			buildActionMask = 2147483647;
			files = (
				B98741B22E97AC6200B1ABF6 /* Preview Assets.xcassets in Resources */,
				B98741B32E97AC6200B1ABF6 /* Assets.xcassets in Resources */,
			);
			runOnlyForDeploymentPostprocessing = 0;
		};
		B987418B2E97AC5800B1ABF6 /* Resources */ = {
			isa = PBXResourcesBuildPhase;
			buildActionMask = 2147483647;
			files = (
			);
			runOnlyForDeploymentPostprocessing = 0;
		};
		B98741952E97AC5800B1ABF6 /* Resources */ = {
			isa = PBXResourcesBuildPhase;
			buildActionMask = 2147483647;
			files = (
			);
			runOnlyForDeploymentPostprocessing = 0;
		};
/* End PBXResourcesBuildPhase section */

/* Begin PBXSourcesBuildPhase section */
		B98741792E97AC5700B1ABF6 /* Sources */ = {
			isa = PBXSourcesBuildPhase;
			buildActionMask = 2147483647;
			files = (
				B98741CF2E9E976000B1ABF6 /* Lecture7-Stepper&Toggle.swift in Sources */,
				B98741B02E97AC6200B1ABF6 /* ContentView.swift in Sources */,
				B98741B12E97AC6200B1ABF6 /* DesignSystem_SwiftUIApp.swift in Sources */,
				B98741CB2E9D44DB00B1ABF6 /* Lecture5-Button.swift in Sources */,
				B98741BF2E97CCBA00B1ABF6 /* Lecture1-Text.swift in Sources */,
				B98741D12E9FEF6E00B1ABF6 /* Lecture8-DropDownSelector.swift in Sources */,
				B98741BD2E97AFE100B1ABF6 /* Lecture0.swift in Sources */,
				B98741CD2E9E8FE700B1ABF6 /* Lecture6-TextEditor.swift in Sources */,
				B98741C92E9AADA900B1ABF6 /* Lecture4-ProgressBar.swift in Sources */,
				B98741C12E97D2EA00B1ABF6 /* Lecture2-Chip.swift in Sources */,
				B98741C72E9AA66C00B1ABF6 /* Lecture3-Divider.swift in Sources */,
				B98741C32E9AA10D00B1ABF6 /* MyColor.swift in Sources */,
			);
			runOnlyForDeploymentPostprocessing = 0;
		};
		B98741892E97AC5800B1ABF6 /* Sources */ = {
			isa = PBXSourcesBuildPhase;
			buildActionMask = 2147483647;
			files = (
				B98741B62E97AC6700B1ABF6 /* DesignSystem_SwiftUITests.swift in Sources */,
			);
			runOnlyForDeploymentPostprocessing = 0;
		};
		B98741932E97AC5800B1ABF6 /* Sources */ = {
			isa = PBXSourcesBuildPhase;
			buildActionMask = 2147483647;
			files = (
				B98741BA2E97AC6F00B1ABF6 /* DesignSystem_SwiftUIUITests.swift in Sources */,
				B98741BB2E97AC6F00B1ABF6 /* DesignSystem_SwiftUIUITestsLaunchTests.swift in Sources */,
			);
			runOnlyForDeploymentPostprocessing = 0;
		};
/* End PBXSourcesBuildPhase section */

/* Begin PBXTargetDependency section */
		B987418F2E97AC5800B1ABF6 /* PBXTargetDependency */ = {
			isa = PBXTargetDependency;
			target = B987417C2E97AC5700B1ABF6 /* DesignSystem_SwiftUI */;
			targetProxy = B987418E2E97AC5800B1ABF6 /* PBXContainerItemProxy */;
		};
		B98741992E97AC5800B1ABF6 /* PBXTargetDependency */ = {
			isa = PBXTargetDependency;
			target = B987417C2E97AC5700B1ABF6 /* DesignSystem_SwiftUI */;
			targetProxy = B98741982E97AC5800B1ABF6 /* PBXContainerItemProxy */;
		};
/* End PBXTargetDependency section */

/* Begin XCBuildConfiguration section */
		B987419F2E97AC5800B1ABF6 /* Debug */ = {
			isa = XCBuildConfiguration;
			buildSettings = {
				ALWAYS_SEARCH_USER_PATHS = NO;
				ASSETCATALOG_COMPILER_GENERATE_SWIFT_ASSET_SYMBOL_EXTENSIONS = YES;
				CLANG_ANALYZER_NONNULL = YES;
				CLANG_ANALYZER_NUMBER_OBJECT_CONVERSION = YES_AGGRESSIVE;
				CLANG_CXX_LANGUAGE_STANDARD = "gnu++20";
				CLANG_ENABLE_MODULES = YES;
				CLANG_ENABLE_OBJC_ARC = YES;
				CLANG_ENABLE_OBJC_WEAK = YES;
				CLANG_WARN_BLOCK_CAPTURE_AUTORELEASING = YES;
				CLANG_WARN_BOOL_CONVERSION = YES;
				CLANG_WARN_COMMA = YES;
				CLANG_WARN_CONSTANT_CONVERSION = YES;
				CLANG_WARN_DEPRECATED_OBJC_IMPLEMENTATIONS = YES;
				CLANG_WARN_DIRECT_OBJC_ISA_USAGE = YES_ERROR;
				CLANG_WARN_DOCUMENTATION_COMMENTS = YES;
				CLANG_WARN_EMPTY_BODY = YES;
				CLANG_WARN_ENUM_CONVERSION = YES;
				CLANG_WARN_INFINITE_RECURSION = YES;
				CLANG_WARN_INT_CONVERSION = YES;
				CLANG_WARN_NON_LITERAL_NULL_CONVERSION = YES;
				CLANG_WARN_OBJC_IMPLICIT_RETAIN_SELF = YES;
				CLANG_WARN_OBJC_LITERAL_CONVERSION = YES;
				CLANG_WARN_OBJC_ROOT_CLASS = YES_ERROR;
				CLANG_WARN_QUOTED_INCLUDE_IN_FRAMEWORK_HEADER = YES;
				CLANG_WARN_RANGE_LOOP_ANALYSIS = YES;
				CLANG_WARN_STRICT_PROTOTYPES = YES;
				CLANG_WARN_SUSPICIOUS_MOVE = YES;
				CLANG_WARN_UNGUARDED_AVAILABILITY = YES_AGGRESSIVE;
				CLANG_WARN_UNREACHABLE_CODE = YES;
				CLANG_WARN__DUPLICATE_METHOD_MATCH = YES;
				COPY_PHASE_STRIP = NO;
				DEBUG_INFORMATION_FORMAT = dwarf;
				ENABLE_STRICT_OBJC_MSGSEND = YES;
				ENABLE_TESTABILITY = YES;
				ENABLE_USER_SCRIPT_SANDBOXING = YES;
				GCC_C_LANGUAGE_STANDARD = gnu17;
				GCC_DYNAMIC_NO_PIC = NO;
				GCC_NO_COMMON_BLOCKS = YES;
				GCC_OPTIMIZATION_LEVEL = 0;
				GCC_PREPROCESSOR_DEFINITIONS = (
					"DEBUG=1",
					"$(inherited)",
				);
				GCC_WARN_64_TO_32_BIT_CONVERSION = YES;
				GCC_WARN_ABOUT_RETURN_TYPE = YES_ERROR;
				GCC_WARN_UNDECLARED_SELECTOR = YES;
				GCC_WARN_UNINITIALIZED_AUTOS = YES_AGGRESSIVE;
				GCC_WARN_UNUSED_FUNCTION = YES;
				GCC_WARN_UNUSED_VARIABLE = YES;
				IPHONEOS_DEPLOYMENT_TARGET = 18.2;
				LOCALIZATION_PREFERS_STRING_CATALOGS = YES;
				MTL_ENABLE_DEBUG_INFO = INCLUDE_SOURCE;
				MTL_FAST_MATH = YES;
				ONLY_ACTIVE_ARCH = YES;
				SDKROOT = iphoneos;
				SWIFT_ACTIVE_COMPILATION_CONDITIONS = "DEBUG $(inherited)";
				SWIFT_OPTIMIZATION_LEVEL = "-Onone";
			};
			name = Debug;
		};
		B98741A02E97AC5800B1ABF6 /* Release */ = {
			isa = XCBuildConfiguration;
			buildSettings = {
				ALWAYS_SEARCH_USER_PATHS = NO;
				ASSETCATALOG_COMPILER_GENERATE_SWIFT_ASSET_SYMBOL_EXTENSIONS = YES;
				CLANG_ANALYZER_NONNULL = YES;
				CLANG_ANALYZER_NUMBER_OBJECT_CONVERSION = YES_AGGRESSIVE;
				CLANG_CXX_LANGUAGE_STANDARD = "gnu++20";
				CLANG_ENABLE_MODULES = YES;
				CLANG_ENABLE_OBJC_ARC = YES;
				CLANG_ENABLE_OBJC_WEAK = YES;
				CLANG_WARN_BLOCK_CAPTURE_AUTORELEASING = YES;
				CLANG_WARN_BOOL_CONVERSION = YES;
				CLANG_WARN_COMMA = YES;
				CLANG_WARN_CONSTANT_CONVERSION = YES;
				CLANG_WARN_DEPRECATED_OBJC_IMPLEMENTATIONS = YES;
				CLANG_WARN_DIRECT_OBJC_ISA_USAGE = YES_ERROR;
				CLANG_WARN_DOCUMENTATION_COMMENTS = YES;
				CLANG_WARN_EMPTY_BODY = YES;
				CLANG_WARN_ENUM_CONVERSION = YES;
				CLANG_WARN_INFINITE_RECURSION = YES;
				CLANG_WARN_INT_CONVERSION = YES;
				CLANG_WARN_NON_LITERAL_NULL_CONVERSION = YES;
				CLANG_WARN_OBJC_IMPLICIT_RETAIN_SELF = YES;
				CLANG_WARN_OBJC_LITERAL_CONVERSION = YES;
				CLANG_WARN_OBJC_ROOT_CLASS = YES_ERROR;
				CLANG_WARN_QUOTED_INCLUDE_IN_FRAMEWORK_HEADER = YES;
				CLANG_WARN_RANGE_LOOP_ANALYSIS = YES;
				CLANG_WARN_STRICT_PROTOTYPES = YES;
				CLANG_WARN_SUSPICIOUS_MOVE = YES;
				CLANG_WARN_UNGUARDED_AVAILABILITY = YES_AGGRESSIVE;
				CLANG_WARN_UNREACHABLE_CODE = YES;
				CLANG_WARN__DUPLICATE_METHOD_MATCH = YES;
				COPY_PHASE_STRIP = NO;
				DEBUG_INFORMATION_FORMAT = "dwarf-with-dsym";
				ENABLE_NS_ASSERTIONS = NO;
				ENABLE_STRICT_OBJC_MSGSEND = YES;
				ENABLE_USER_SCRIPT_SANDBOXING = YES;
				GCC_C_LANGUAGE_STANDARD = gnu17;
				GCC_NO_COMMON_BLOCKS = YES;
				GCC_WARN_64_TO_32_BIT_CONVERSION = YES;
				GCC_WARN_ABOUT_RETURN_TYPE = YES_ERROR;
				GCC_WARN_UNDECLARED_SELECTOR = YES;
				GCC_WARN_UNINITIALIZED_AUTOS = YES_AGGRESSIVE;
				GCC_WARN_UNUSED_FUNCTION = YES;
				GCC_WARN_UNUSED_VARIABLE = YES;
				IPHONEOS_DEPLOYMENT_TARGET = 18.2;
				LOCALIZATION_PREFERS_STRING_CATALOGS = YES;
				MTL_ENABLE_DEBUG_INFO = NO;
				MTL_FAST_MATH = YES;
				SDKROOT = iphoneos;
				SWIFT_COMPILATION_MODE = wholemodule;
				VALIDATE_PRODUCT = YES;
			};
			name = Release;
		};
		B98741A22E97AC5800B1ABF6 /* Debug */ = {
			isa = XCBuildConfiguration;
			buildSettings = {
				ASSETCATALOG_COMPILER_APPICON_NAME = AppIcon;
				ASSETCATALOG_COMPILER_GLOBAL_ACCENT_COLOR_NAME = AccentColor;
				CODE_SIGN_STYLE = Automatic;
				CURRENT_PROJECT_VERSION = 1;
				DEVELOPMENT_ASSET_PATHS = "\"DesignSystem_SwiftUI/Preview Content\"";
				DEVELOPMENT_TEAM = J7MH5N2BKX;
				ENABLE_PREVIEWS = YES;
				GENERATE_INFOPLIST_FILE = YES;
				INFOPLIST_KEY_UIApplicationSceneManifest_Generation = YES;
				INFOPLIST_KEY_UIApplicationSupportsIndirectInputEvents = YES;
				INFOPLIST_KEY_UILaunchScreen_Generation = YES;
				INFOPLIST_KEY_UISupportedInterfaceOrientations_iPad = "UIInterfaceOrientationPortrait UIInterfaceOrientationPortraitUpsideDown UIInterfaceOrientationLandscapeLeft UIInterfaceOrientationLandscapeRight";
				INFOPLIST_KEY_UISupportedInterfaceOrientations_iPhone = "UIInterfaceOrientationPortrait UIInterfaceOrientationLandscapeLeft UIInterfaceOrientationLandscapeRight";
				LD_RUNPATH_SEARCH_PATHS = (
					"$(inherited)",
					"@executable_path/Frameworks",
				);
				MARKETING_VERSION = 1.0;
				PRODUCT_BUNDLE_IDENTIFIER = "com.byoungilyoun.DesignSystem-SwiftUI";
				PRODUCT_NAME = "$(TARGET_NAME)";
				SWIFT_EMIT_LOC_STRINGS = YES;
				SWIFT_VERSION = 5.0;
				TARGETED_DEVICE_FAMILY = "1,2";
			};
			name = Debug;
		};
		B98741A32E97AC5800B1ABF6 /* Release */ = {
			isa = XCBuildConfiguration;
			buildSettings = {
				ASSETCATALOG_COMPILER_APPICON_NAME = AppIcon;
				ASSETCATALOG_COMPILER_GLOBAL_ACCENT_COLOR_NAME = AccentColor;
				CODE_SIGN_STYLE = Automatic;
				CURRENT_PROJECT_VERSION = 1;
				DEVELOPMENT_ASSET_PATHS = "\"DesignSystem_SwiftUI/Preview Content\"";
				DEVELOPMENT_TEAM = J7MH5N2BKX;
				ENABLE_PREVIEWS = YES;
				GENERATE_INFOPLIST_FILE = YES;
				INFOPLIST_KEY_UIApplicationSceneManifest_Generation = YES;
				INFOPLIST_KEY_UIApplicationSupportsIndirectInputEvents = YES;
				INFOPLIST_KEY_UILaunchScreen_Generation = YES;
				INFOPLIST_KEY_UISupportedInterfaceOrientations_iPad = "UIInterfaceOrientationPortrait UIInterfaceOrientationPortraitUpsideDown UIInterfaceOrientationLandscapeLeft UIInterfaceOrientationLandscapeRight";
				INFOPLIST_KEY_UISupportedInterfaceOrientations_iPhone = "UIInterfaceOrientationPortrait UIInterfaceOrientationLandscapeLeft UIInterfaceOrientationLandscapeRight";
				LD_RUNPATH_SEARCH_PATHS = (
					"$(inherited)",
					"@executable_path/Frameworks",
				);
				MARKETING_VERSION = 1.0;
				PRODUCT_BUNDLE_IDENTIFIER = "com.byoungilyoun.DesignSystem-SwiftUI";
				PRODUCT_NAME = "$(TARGET_NAME)";
				SWIFT_EMIT_LOC_STRINGS = YES;
				SWIFT_VERSION = 5.0;
				TARGETED_DEVICE_FAMILY = "1,2";
			};
			name = Release;
		};
		B98741A52E97AC5800B1ABF6 /* Debug */ = {
			isa = XCBuildConfiguration;
			buildSettings = {
				BUNDLE_LOADER = "$(TEST_HOST)";
				CODE_SIGN_STYLE = Automatic;
				CURRENT_PROJECT_VERSION = 1;
				DEVELOPMENT_TEAM = J7MH5N2BKX;
				GENERATE_INFOPLIST_FILE = YES;
				IPHONEOS_DEPLOYMENT_TARGET = 18.2;
				MARKETING_VERSION = 1.0;
				PRODUCT_BUNDLE_IDENTIFIER = "com.byoungilyoun.DesignSystem-SwiftUITests";
				PRODUCT_NAME = "$(TARGET_NAME)";
				SWIFT_EMIT_LOC_STRINGS = NO;
				SWIFT_VERSION = 5.0;
				TARGETED_DEVICE_FAMILY = "1,2";
				TEST_HOST = "$(BUILT_PRODUCTS_DIR)/DesignSystem_SwiftUI.app/$(BUNDLE_EXECUTABLE_FOLDER_PATH)/DesignSystem_SwiftUI";
			};
			name = Debug;
		};
		B98741A62E97AC5800B1ABF6 /* Release */ = {
			isa = XCBuildConfiguration;
			buildSettings = {
				BUNDLE_LOADER = "$(TEST_HOST)";
				CODE_SIGN_STYLE = Automatic;
				CURRENT_PROJECT_VERSION = 1;
				DEVELOPMENT_TEAM = J7MH5N2BKX;
				GENERATE_INFOPLIST_FILE = YES;
				IPHONEOS_DEPLOYMENT_TARGET = 18.2;
				MARKETING_VERSION = 1.0;
				PRODUCT_BUNDLE_IDENTIFIER = "com.byoungilyoun.DesignSystem-SwiftUITests";
				PRODUCT_NAME = "$(TARGET_NAME)";
				SWIFT_EMIT_LOC_STRINGS = NO;
				SWIFT_VERSION = 5.0;
				TARGETED_DEVICE_FAMILY = "1,2";
				TEST_HOST = "$(BUILT_PRODUCTS_DIR)/DesignSystem_SwiftUI.app/$(BUNDLE_EXECUTABLE_FOLDER_PATH)/DesignSystem_SwiftUI";
			};
			name = Release;
		};
		B98741A82E97AC5800B1ABF6 /* Debug */ = {
			isa = XCBuildConfiguration;
			buildSettings = {
				CODE_SIGN_STYLE = Automatic;
				CURRENT_PROJECT_VERSION = 1;
				DEVELOPMENT_TEAM = J7MH5N2BKX;
				GENERATE_INFOPLIST_FILE = YES;
				MARKETING_VERSION = 1.0;
				PRODUCT_BUNDLE_IDENTIFIER = "com.byoungilyoun.DesignSystem-SwiftUIUITests";
				PRODUCT_NAME = "$(TARGET_NAME)";
				SWIFT_EMIT_LOC_STRINGS = NO;
				SWIFT_VERSION = 5.0;
				TARGETED_DEVICE_FAMILY = "1,2";
				TEST_TARGET_NAME = DesignSystem_SwiftUI;
			};
			name = Debug;
		};
		B98741A92E97AC5800B1ABF6 /* Release */ = {
			isa = XCBuildConfiguration;
			buildSettings = {
				CODE_SIGN_STYLE = Automatic;
				CURRENT_PROJECT_VERSION = 1;
				DEVELOPMENT_TEAM = J7MH5N2BKX;
				GENERATE_INFOPLIST_FILE = YES;
				MARKETING_VERSION = 1.0;
				PRODUCT_BUNDLE_IDENTIFIER = "com.byoungilyoun.DesignSystem-SwiftUIUITests";
				PRODUCT_NAME = "$(TARGET_NAME)";
				SWIFT_EMIT_LOC_STRINGS = NO;
				SWIFT_VERSION = 5.0;
				TARGETED_DEVICE_FAMILY = "1,2";
				TEST_TARGET_NAME = DesignSystem_SwiftUI;
			};
			name = Release;
		};
/* End XCBuildConfiguration section */

/* Begin XCConfigurationList section */
		B98741782E97AC5700B1ABF6 /* Build configuration list for PBXProject "DesignSystem_SwiftUI" */ = {
			isa = XCConfigurationList;
			buildConfigurations = (
				B987419F2E97AC5800B1ABF6 /* Debug */,
				B98741A02E97AC5800B1ABF6 /* Release */,
			);
			defaultConfigurationIsVisible = 0;
			defaultConfigurationName = Release;
		};
		B98741A12E97AC5800B1ABF6 /* Build configuration list for PBXNativeTarget "DesignSystem_SwiftUI" */ = {
			isa = XCConfigurationList;
			buildConfigurations = (
				B98741A22E97AC5800B1ABF6 /* Debug */,
				B98741A32E97AC5800B1ABF6 /* Release */,
			);
			defaultConfigurationIsVisible = 0;
			defaultConfigurationName = Release;
		};
		B98741A42E97AC5800B1ABF6 /* Build configuration list for PBXNativeTarget "DesignSystem_SwiftUITests" */ = {
			isa = XCConfigurationList;
			buildConfigurations = (
				B98741A52E97AC5800B1ABF6 /* Debug */,
				B98741A62E97AC5800B1ABF6 /* Release */,
			);
			defaultConfigurationIsVisible = 0;
			defaultConfigurationName = Release;
		};
		B98741A72E97AC5800B1ABF6 /* Build configuration list for PBXNativeTarget "DesignSystem_SwiftUIUITests" */ = {
			isa = XCConfigurationList;
			buildConfigurations = (
				B98741A82E97AC5800B1ABF6 /* Debug */,
				B98741A92E97AC5800B1ABF6 /* Release */,
			);
			defaultConfigurationIsVisible = 0;
			defaultConfigurationName = Release;
		};
/* End XCConfigurationList section */
	};
	rootObject = B98741752E97AC5700B1ABF6 /* Project object */;
}
